
Microsoft Visual Studio Solution File, Format Version 12.00
# Visual Studio Version 17
VisualStudioVersion = 17.2.32630.192
MinimumVisualStudioVersion = 10.0.40219.1
Project("{FAE04EC0-301F-11D3-BF4B-00C04F79EFBC}") = "QLSV", "QLSV\QLSV.csproj", "{36C56841-BE1D-44C8-96D6-15E8E4AFC2BC}"
EndProject
Global
	GlobalSection(SolutionConfigurationPlatforms) = preSolution
		Debug|Any CPU = Debug|Any CPU
		Release|Any CPU = Release|Any CPU
	EndGlobalSection
	GlobalSection(ProjectConfigurationPlatforms) = postSolution
		{36C56841-BE1D-44C8-96D6-15E8E4AFC2BC}.Debug|Any CPU.ActiveCfg = Debug|Any CPU
		{36C56841-BE1D-44C8-96D6-15E8E4AFC2BC}.Debug|Any CPU.Build.0 = Debug|Any CPU
		{36C56841-BE1D-44C8-96D6-15E8E4AFC2BC}.Release|Any CPU.ActiveCfg = Release|Any CPU
		{36C56841-BE1D-44C8-96D6-15E8E4AFC2BC}.Release|Any CPU.Build.0 = Release|Any CPU
	EndGlobalSection
	GlobalSection(SolutionProperties) = preSolution
		HideSolutionNode = FALSE
	EndGlobalSection
	GlobalSection(ExtensibilityGlobals) = postSolution
		SolutionGuid = {B3C76789-A54A-4ACC-AF5C-C81E4A940FC6}
	EndGlobalSection
EndGlobal
